// !$*UTF8*$!
{
	archiveVersion = 1;
	classes = {
	};
	objectVersion = 56;
	objects = {

/* Begin PBXBuildFile section */
		5728BB8B2BCC685F002BC212 /* launch_screen.json in Resources */ = {isa = PBXBuildFile; fileRef = 5728BB8A2BCC685F002BC212 /* launch_screen.json */; };
		5728BB8D2BCC76AA002BC212 /* LoginViewController.swift in Sources */ = {isa = PBXBuildFile; fileRef = 5728BB8C2BCC76AA002BC212 /* LoginViewController.swift */; };
		574A755D2BCC5B3A0042E310 /* AppDelegate.swift in Sources */ = {isa = PBXBuildFile; fileRef = 574A755C2BCC5B3A0042E310 /* AppDelegate.swift */; };
		574A75612BCC5B3A0042E310 /* LaunchScreenViewController.swift in Sources */ = {isa = PBXBuildFile; fileRef = 574A75602BCC5B3A0042E310 /* LaunchScreenViewController.swift */; };
		574A75672BCC5B3A0042E310 /* PaxtuAdm.xcdatamodeld in Sources */ = {isa = PBXBuildFile; fileRef = 574A75652BCC5B3A0042E310 /* PaxtuAdm.xcdatamodeld */; };
		574A75692BCC5B3B0042E310 /* Assets.xcassets in Resources */ = {isa = PBXBuildFile; fileRef = 574A75682BCC5B3B0042E310 /* Assets.xcassets */; };
		5772692C2C614A1F002A4638 /* SegmentView.swift in Sources */ = {isa = PBXBuildFile; fileRef = 5772692B2C614A1E002A4638 /* SegmentView.swift */; };
		5772692F2C615C9D002A4638 /* HomePresenter.swift in Sources */ = {isa = PBXBuildFile; fileRef = 5772692E2C615C9D002A4638 /* HomePresenter.swift */; };
		577269322C615E3D002A4638 /* HomeInteractor.swift in Sources */ = {isa = PBXBuildFile; fileRef = 577269312C615E3D002A4638 /* HomeInteractor.swift */; };
		577269352C618526002A4638 /* CardEventView.swift in Sources */ = {isa = PBXBuildFile; fileRef = 577269342C618526002A4638 /* CardEventView.swift */; };
		577269382C66B53B002A4638 /* CarouselView.swift in Sources */ = {isa = PBXBuildFile; fileRef = 577269372C66B53B002A4638 /* CarouselView.swift */; };
		577269452C66EC78002A4638 /* NewActivityView.swift in Sources */ = {isa = PBXBuildFile; fileRef = 577269442C66EC78002A4638 /* NewActivityView.swift */; };
		577269482C66EE07002A4638 /* PaxtuNavigation.swift in Sources */ = {isa = PBXBuildFile; fileRef = 577269472C66EE07002A4638 /* PaxtuNavigation.swift */; };
		5772694A2C67C03F002A4638 /* NewActivityViewController.swift in Sources */ = {isa = PBXBuildFile; fileRef = 577269492C67C03F002A4638 /* NewActivityViewController.swift */; };
		5772694E2C67C19A002A4638 /* NewActivityPresenter.swift in Sources */ = {isa = PBXBuildFile; fileRef = 5772694D2C67C19A002A4638 /* NewActivityPresenter.swift */; };
		577269502C67C524002A4638 /* NewActivityInteractor.swift in Sources */ = {isa = PBXBuildFile; fileRef = 5772694F2C67C524002A4638 /* NewActivityInteractor.swift */; };
		577269542C683318002A4638 /* EventsView.swift in Sources */ = {isa = PBXBuildFile; fileRef = 577269532C683318002A4638 /* EventsView.swift */; };
		577269562C683B2E002A4638 /* EventsViewController.swift in Sources */ = {isa = PBXBuildFile; fileRef = 577269552C683B2E002A4638 /* EventsViewController.swift */; };
		577269592C683C00002A4638 /* EventsPresenter.swift in Sources */ = {isa = PBXBuildFile; fileRef = 577269582C683C00002A4638 /* EventsPresenter.swift */; };
		5772695C2C683E6C002A4638 /* EventsInteractor.swift in Sources */ = {isa = PBXBuildFile; fileRef = 5772695B2C683E6C002A4638 /* EventsInteractor.swift */; };
		5785FAD32BCCA223003C07C1 /* LoginView.swift in Sources */ = {isa = PBXBuildFile; fileRef = 5785FAD22BCCA223003C07C1 /* LoginView.swift */; };
		5785FAD62BCCAA17003C07C1 /* UIViewExtension.swift in Sources */ = {isa = PBXBuildFile; fileRef = 5785FAD52BCCAA17003C07C1 /* UIViewExtension.swift */; };
		5785FAD82BCF3DD7003C07C1 /* UIImageExtension.swift in Sources */ = {isa = PBXBuildFile; fileRef = 5785FAD72BCF3DD7003C07C1 /* UIImageExtension.swift */; };
		5785FADA2BCF52F7003C07C1 /* UIFontExtension.swift in Sources */ = {isa = PBXBuildFile; fileRef = 5785FAD92BCF52F7003C07C1 /* UIFontExtension.swift */; };
		5785FADD2BD409F0003C07C1 /* UIInputIInformationView.swift in Sources */ = {isa = PBXBuildFile; fileRef = 5785FADC2BD409F0003C07C1 /* UIInputIInformationView.swift */; };
		5785FAE02BD40B4C003C07C1 /* InputInformationModel.swift in Sources */ = {isa = PBXBuildFile; fileRef = 5785FADF2BD40B4C003C07C1 /* InputInformationModel.swift */; };
		5785FAE52BD42EA2003C07C1 /* UIColor.swift in Sources */ = {isa = PBXBuildFile; fileRef = 5785FAE42BD42EA2003C07C1 /* UIColor.swift */; };
		5785FAE72BD42F9A003C07C1 /* CustomButton.swift in Sources */ = {isa = PBXBuildFile; fileRef = 5785FAE62BD42F9A003C07C1 /* CustomButton.swift */; };
		5785FAEA2BD4623C003C07C1 /* LoginModel.swift in Sources */ = {isa = PBXBuildFile; fileRef = 5785FAE92BD4623C003C07C1 /* LoginModel.swift */; };
		5785FAED2BD46371003C07C1 /* LoginPresenter.swift in Sources */ = {isa = PBXBuildFile; fileRef = 5785FAEC2BD46371003C07C1 /* LoginPresenter.swift */; };
		5785FAF12BD46B2E003C07C1 /* LoginInteractor.swift in Sources */ = {isa = PBXBuildFile; fileRef = 5785FAF02BD46B2E003C07C1 /* LoginInteractor.swift */; };
		5785FAF42BD46F68003C07C1 /* PaxtuCoordinator.swift in Sources */ = {isa = PBXBuildFile; fileRef = 5785FAF32BD46F68003C07C1 /* PaxtuCoordinator.swift */; };
		5785FAF82BD46FC8003C07C1 /* LauchScreenView.swift in Sources */ = {isa = PBXBuildFile; fileRef = 5785FAF72BD46FC8003C07C1 /* LauchScreenView.swift */; };
		5785FB042BD4A922003C07C1 /* HomeViewController.swift in Sources */ = {isa = PBXBuildFile; fileRef = 5785FB032BD4A921003C07C1 /* HomeViewController.swift */; };
		5785FB062BD4AA94003C07C1 /* HomeView.swift in Sources */ = {isa = PBXBuildFile; fileRef = 5785FB052BD4AA94003C07C1 /* HomeView.swift */; };
		5785FB092BDE9170003C07C1 /* HeaderHomeView.swift in Sources */ = {isa = PBXBuildFile; fileRef = 5785FB082BDE9170003C07C1 /* HeaderHomeView.swift */; };
		5785FB112BDED564003C07C1 /* CardTabViewCell.swift in Sources */ = {isa = PBXBuildFile; fileRef = 5785FB102BDED564003C07C1 /* CardTabViewCell.swift */; };
		5785FB132BDED974003C07C1 /* CardTapModel.swift in Sources */ = {isa = PBXBuildFile; fileRef = 5785FB122BDED974003C07C1 /* CardTapModel.swift */; };
		C56C78686B8A521360BF615E /* Pods_PaxtuAdm.framework in Frameworks */ = {isa = PBXBuildFile; fileRef = DD68841696045AC52334D930 /* Pods_PaxtuAdm.framework */; };
/* End PBXBuildFile section */

/* Begin PBXFileReference section */
		5728BB8A2BCC685F002BC212 /* launch_screen.json */ = {isa = PBXFileReference; fileEncoding = 4; lastKnownFileType = text.json; path = launch_screen.json; sourceTree = "<group>"; };
		5728BB8C2BCC76AA002BC212 /* LoginViewController.swift */ = {isa = PBXFileReference; lastKnownFileType = sourcecode.swift; path = LoginViewController.swift; sourceTree = "<group>"; };
		574A75592BCC5B3A0042E310 /* PaxtuAdm.app */ = {isa = PBXFileReference; explicitFileType = wrapper.application; includeInIndex = 0; path = PaxtuAdm.app; sourceTree = BUILT_PRODUCTS_DIR; };
		574A755C2BCC5B3A0042E310 /* AppDelegate.swift */ = {isa = PBXFileReference; lastKnownFileType = sourcecode.swift; path = AppDelegate.swift; sourceTree = "<group>"; };
		574A75602BCC5B3A0042E310 /* LaunchScreenViewController.swift */ = {isa = PBXFileReference; lastKnownFileType = sourcecode.swift; path = LaunchScreenViewController.swift; sourceTree = "<group>"; };
		574A75662BCC5B3A0042E310 /* PaxtuAdm.xcdatamodel */ = {isa = PBXFileReference; lastKnownFileType = wrapper.xcdatamodel; path = PaxtuAdm.xcdatamodel; sourceTree = "<group>"; };
		574A75682BCC5B3B0042E310 /* Assets.xcassets */ = {isa = PBXFileReference; lastKnownFileType = folder.assetcatalog; path = Assets.xcassets; sourceTree = "<group>"; };
		574A756D2BCC5B3B0042E310 /* Info.plist */ = {isa = PBXFileReference; lastKnownFileType = text.plist.xml; path = Info.plist; sourceTree = "<group>"; };
		5772692B2C614A1E002A4638 /* SegmentView.swift */ = {isa = PBXFileReference; lastKnownFileType = sourcecode.swift; path = SegmentView.swift; sourceTree = "<group>"; };
		5772692E2C615C9D002A4638 /* HomePresenter.swift */ = {isa = PBXFileReference; lastKnownFileType = sourcecode.swift; path = HomePresenter.swift; sourceTree = "<group>"; };
		577269312C615E3D002A4638 /* HomeInteractor.swift */ = {isa = PBXFileReference; lastKnownFileType = sourcecode.swift; path = HomeInteractor.swift; sourceTree = "<group>"; };
		577269342C618526002A4638 /* CardEventView.swift */ = {isa = PBXFileReference; lastKnownFileType = sourcecode.swift; path = CardEventView.swift; sourceTree = "<group>"; };
		577269372C66B53B002A4638 /* CarouselView.swift */ = {isa = PBXFileReference; lastKnownFileType = sourcecode.swift; path = CarouselView.swift; sourceTree = "<group>"; };
		577269442C66EC78002A4638 /* NewActivityView.swift */ = {isa = PBXFileReference; lastKnownFileType = sourcecode.swift; path = NewActivityView.swift; sourceTree = "<group>"; };
		577269472C66EE07002A4638 /* PaxtuNavigation.swift */ = {isa = PBXFileReference; lastKnownFileType = sourcecode.swift; path = PaxtuNavigation.swift; sourceTree = "<group>"; };
		577269492C67C03F002A4638 /* NewActivityViewController.swift */ = {isa = PBXFileReference; lastKnownFileType = sourcecode.swift; path = NewActivityViewController.swift; sourceTree = "<group>"; };
		5772694D2C67C19A002A4638 /* NewActivityPresenter.swift */ = {isa = PBXFileReference; lastKnownFileType = sourcecode.swift; path = NewActivityPresenter.swift; sourceTree = "<group>"; };
		5772694F2C67C524002A4638 /* NewActivityInteractor.swift */ = {isa = PBXFileReference; lastKnownFileType = sourcecode.swift; path = NewActivityInteractor.swift; sourceTree = "<group>"; };
		577269532C683318002A4638 /* EventsView.swift */ = {isa = PBXFileReference; lastKnownFileType = sourcecode.swift; path = EventsView.swift; sourceTree = "<group>"; };
		577269552C683B2E002A4638 /* EventsViewController.swift */ = {isa = PBXFileReference; lastKnownFileType = sourcecode.swift; path = EventsViewController.swift; sourceTree = "<group>"; };
		577269582C683C00002A4638 /* EventsPresenter.swift */ = {isa = PBXFileReference; lastKnownFileType = sourcecode.swift; path = EventsPresenter.swift; sourceTree = "<group>"; };
		5772695B2C683E6C002A4638 /* EventsInteractor.swift */ = {isa = PBXFileReference; lastKnownFileType = sourcecode.swift; path = EventsInteractor.swift; sourceTree = "<group>"; };
		5785FAD22BCCA223003C07C1 /* LoginView.swift */ = {isa = PBXFileReference; lastKnownFileType = sourcecode.swift; path = LoginView.swift; sourceTree = "<group>"; };
		5785FAD52BCCAA17003C07C1 /* UIViewExtension.swift */ = {isa = PBXFileReference; lastKnownFileType = sourcecode.swift; path = UIViewExtension.swift; sourceTree = "<group>"; };
		5785FAD72BCF3DD7003C07C1 /* UIImageExtension.swift */ = {isa = PBXFileReference; lastKnownFileType = sourcecode.swift; path = UIImageExtension.swift; sourceTree = "<group>"; };
		5785FAD92BCF52F7003C07C1 /* UIFontExtension.swift */ = {isa = PBXFileReference; lastKnownFileType = sourcecode.swift; path = UIFontExtension.swift; sourceTree = "<group>"; };
		5785FADC2BD409F0003C07C1 /* UIInputIInformationView.swift */ = {isa = PBXFileReference; lastKnownFileType = sourcecode.swift; path = UIInputIInformationView.swift; sourceTree = "<group>"; };
		5785FADF2BD40B4C003C07C1 /* InputInformationModel.swift */ = {isa = PBXFileReference; lastKnownFileType = sourcecode.swift; path = InputInformationModel.swift; sourceTree = "<group>"; };
		5785FAE42BD42EA2003C07C1 /* UIColor.swift */ = {isa = PBXFileReference; lastKnownFileType = sourcecode.swift; path = UIColor.swift; sourceTree = "<group>"; };
		5785FAE62BD42F9A003C07C1 /* CustomButton.swift */ = {isa = PBXFileReference; lastKnownFileType = sourcecode.swift; path = CustomButton.swift; sourceTree = "<group>"; };
		5785FAE92BD4623C003C07C1 /* LoginModel.swift */ = {isa = PBXFileReference; lastKnownFileType = sourcecode.swift; path = LoginModel.swift; sourceTree = "<group>"; };
		5785FAEC2BD46371003C07C1 /* LoginPresenter.swift */ = {isa = PBXFileReference; lastKnownFileType = sourcecode.swift; path = LoginPresenter.swift; sourceTree = "<group>"; };
		5785FAF02BD46B2E003C07C1 /* LoginInteractor.swift */ = {isa = PBXFileReference; lastKnownFileType = sourcecode.swift; path = LoginInteractor.swift; sourceTree = "<group>"; };
		5785FAF32BD46F68003C07C1 /* PaxtuCoordinator.swift */ = {isa = PBXFileReference; lastKnownFileType = sourcecode.swift; path = PaxtuCoordinator.swift; sourceTree = "<group>"; };
		5785FAF72BD46FC8003C07C1 /* LauchScreenView.swift */ = {isa = PBXFileReference; lastKnownFileType = sourcecode.swift; path = LauchScreenView.swift; sourceTree = "<group>"; };
		5785FB032BD4A921003C07C1 /* HomeViewController.swift */ = {isa = PBXFileReference; lastKnownFileType = sourcecode.swift; path = HomeViewController.swift; sourceTree = "<group>"; };
		5785FB052BD4AA94003C07C1 /* HomeView.swift */ = {isa = PBXFileReference; lastKnownFileType = sourcecode.swift; path = HomeView.swift; sourceTree = "<group>"; };
		5785FB082BDE9170003C07C1 /* HeaderHomeView.swift */ = {isa = PBXFileReference; lastKnownFileType = sourcecode.swift; path = HeaderHomeView.swift; sourceTree = "<group>"; };
		5785FB102BDED564003C07C1 /* CardTabViewCell.swift */ = {isa = PBXFileReference; lastKnownFileType = sourcecode.swift; path = CardTabViewCell.swift; sourceTree = "<group>"; };
		5785FB122BDED974003C07C1 /* CardTapModel.swift */ = {isa = PBXFileReference; lastKnownFileType = sourcecode.swift; path = CardTapModel.swift; sourceTree = "<group>"; };
		B3BE58D04DC770A9157FA831 /* Pods-PaxtuAdm.release.xcconfig */ = {isa = PBXFileReference; includeInIndex = 1; lastKnownFileType = text.xcconfig; name = "Pods-PaxtuAdm.release.xcconfig"; path = "Target Support Files/Pods-PaxtuAdm/Pods-PaxtuAdm.release.xcconfig"; sourceTree = "<group>"; };
		B97931C39CE59FFAE41399D8 /* Pods-PaxtuAdm.debug.xcconfig */ = {isa = PBXFileReference; includeInIndex = 1; lastKnownFileType = text.xcconfig; name = "Pods-PaxtuAdm.debug.xcconfig"; path = "Target Support Files/Pods-PaxtuAdm/Pods-PaxtuAdm.debug.xcconfig"; sourceTree = "<group>"; };
		DD68841696045AC52334D930 /* Pods_PaxtuAdm.framework */ = {isa = PBXFileReference; explicitFileType = wrapper.framework; includeInIndex = 0; path = Pods_PaxtuAdm.framework; sourceTree = BUILT_PRODUCTS_DIR; };
/* End PBXFileReference section */

/* Begin PBXFrameworksBuildPhase section */
		574A75562BCC5B3A0042E310 /* Frameworks */ = {
			isa = PBXFrameworksBuildPhase;
			buildActionMask = 2147483647;
			files = (
				C56C78686B8A521360BF615E /* Pods_PaxtuAdm.framework in Frameworks */,
			);
			runOnlyForDeploymentPostprocessing = 0;
		};
/* End PBXFrameworksBuildPhase section */

/* Begin PBXGroup section */
		07B531FA5CDE44B576CBDCB6 /* Frameworks */ = {
			isa = PBXGroup;
			children = (
				DD68841696045AC52334D930 /* Pods_PaxtuAdm.framework */,
			);
			name = Frameworks;
			sourceTree = "<group>";
		};
		5728BB892BCC6850002BC212 /* Animation */ = {
			isa = PBXGroup;
			children = (
				5728BB8A2BCC685F002BC212 /* launch_screen.json */,
			);
			path = Animation;
			sourceTree = "<group>";
		};
		574A75502BCC5B3A0042E310 = {
			isa = PBXGroup;
			children = (
				574A755B2BCC5B3A0042E310 /* PaxtuAdm */,
				574A755A2BCC5B3A0042E310 /* Products */,
				81935EF5DC94D8E3C646AC66 /* Pods */,
				07B531FA5CDE44B576CBDCB6 /* Frameworks */,
			);
			sourceTree = "<group>";
		};
		574A755A2BCC5B3A0042E310 /* Products */ = {
			isa = PBXGroup;
			children = (
				574A75592BCC5B3A0042E310 /* PaxtuAdm.app */,
			);
			name = Products;
			sourceTree = "<group>";
		};
		574A755B2BCC5B3A0042E310 /* PaxtuAdm */ = {
			isa = PBXGroup;
			children = (
				5785FAEF2BD46B13003C07C1 /* Paxtu */,
				5785FADB2BD409D4003C07C1 /* Component */,
				5728BB892BCC6850002BC212 /* Animation */,
				5785FAD42BCCA9FF003C07C1 /* Extensions */,
				574A755C2BCC5B3A0042E310 /* AppDelegate.swift */,
				574A75682BCC5B3B0042E310 /* Assets.xcassets */,
				574A756D2BCC5B3B0042E310 /* Info.plist */,
				574A75652BCC5B3A0042E310 /* PaxtuAdm.xcdatamodeld */,
			);
			path = PaxtuAdm;
			sourceTree = "<group>";
		};
		5772692D2C615C90002A4638 /* Presenter */ = {
			isa = PBXGroup;
			children = (
				5772692E2C615C9D002A4638 /* HomePresenter.swift */,
			);
			path = Presenter;
			sourceTree = "<group>";
		};
		577269302C615E29002A4638 /* Interactor */ = {
			isa = PBXGroup;
			children = (
				577269312C615E3D002A4638 /* HomeInteractor.swift */,
			);
			path = Interactor;
			sourceTree = "<group>";
		};
		577269332C618516002A4638 /* CardEvent */ = {
			isa = PBXGroup;
			children = (
				577269342C618526002A4638 /* CardEventView.swift */,
			);
			path = CardEvent;
			sourceTree = "<group>";
		};
		5772693D2C66EB83002A4638 /* Segment */ = {
			isa = PBXGroup;
			children = (
				5772693E2C66EB8D002A4638 /* UI */,
			);
			path = Segment;
			sourceTree = "<group>";
		};
		5772693E2C66EB8D002A4638 /* UI */ = {
			isa = PBXGroup;
			children = (
				5772692B2C614A1E002A4638 /* SegmentView.swift */,
			);
			path = UI;
			sourceTree = "<group>";
		};
		5772693F2C66EBA2002A4638 /* HomeScreen */ = {
			isa = PBXGroup;
			children = (
				577269302C615E29002A4638 /* Interactor */,
				5772692D2C615C90002A4638 /* Presenter */,
				5785FB022BD4A91A003C07C1 /* UI */,
			);
			path = HomeScreen;
			sourceTree = "<group>";
		};
		577269402C66EBCF002A4638 /* Carousel */ = {
			isa = PBXGroup;
			children = (
				577269412C66EBDC002A4638 /* UI */,
			);
			path = Carousel;
			sourceTree = "<group>";
		};
		577269412C66EBDC002A4638 /* UI */ = {
			isa = PBXGroup;
			children = (
				577269372C66B53B002A4638 /* CarouselView.swift */,
			);
			path = UI;
			sourceTree = "<group>";
		};
		577269422C66EC64002A4638 /* NewActivity */ = {
			isa = PBXGroup;
			children = (
				5772694C2C67C187002A4638 /* Interactor */,
				5772694B2C67C182002A4638 /* Presenter */,
				577269432C66EC6D002A4638 /* UI */,
			);
			path = NewActivity;
			sourceTree = "<group>";
		};
		577269432C66EC6D002A4638 /* UI */ = {
			isa = PBXGroup;
			children = (
				577269442C66EC78002A4638 /* NewActivityView.swift */,
				577269492C67C03F002A4638 /* NewActivityViewController.swift */,
			);
			path = UI;
			sourceTree = "<group>";
		};
		577269462C66EDF6002A4638 /* PaxtuNavigation */ = {
			isa = PBXGroup;
			children = (
				577269472C66EE07002A4638 /* PaxtuNavigation.swift */,
			);
			path = PaxtuNavigation;
			sourceTree = "<group>";
		};
		5772694B2C67C182002A4638 /* Presenter */ = {
			isa = PBXGroup;
			children = (
				5772694D2C67C19A002A4638 /* NewActivityPresenter.swift */,
			);
			path = Presenter;
			sourceTree = "<group>";
		};
		5772694C2C67C187002A4638 /* Interactor */ = {
			isa = PBXGroup;
			children = (
				5772694F2C67C524002A4638 /* NewActivityInteractor.swift */,
			);
			path = Interactor;
			sourceTree = "<group>";
		};
		577269512C67CB56002A4638 /* Events */ = {
			isa = PBXGroup;
			children = (
				5772695A2C683E63002A4638 /* Interactor */,
				577269572C683BF7002A4638 /* Presenter */,
				577269522C683301002A4638 /* UI */,
			);
			path = Events;
			sourceTree = "<group>";
		};
		577269522C683301002A4638 /* UI */ = {
			isa = PBXGroup;
			children = (
				577269532C683318002A4638 /* EventsView.swift */,
				577269552C683B2E002A4638 /* EventsViewController.swift */,
			);
			path = UI;
			sourceTree = "<group>";
		};
		577269572C683BF7002A4638 /* Presenter */ = {
			isa = PBXGroup;
			children = (
				577269582C683C00002A4638 /* EventsPresenter.swift */,
			);
			path = Presenter;
			sourceTree = "<group>";
		};
		5772695A2C683E63002A4638 /* Interactor */ = {
			isa = PBXGroup;
			children = (
				5772695B2C683E6C002A4638 /* EventsInteractor.swift */,
			);
			path = Interactor;
			sourceTree = "<group>";
		};
		5785FACF2BCCA1BF003C07C1 /* LaunchScreen */ = {
			isa = PBXGroup;
			children = (
				5785FAF62BD46FB7003C07C1 /* UI */,
			);
			path = LaunchScreen;
			sourceTree = "<group>";
		};
		5785FAD02BCCA201003C07C1 /* Login */ = {
			isa = PBXGroup;
			children = (
				5785FAEE2BD46AFD003C07C1 /* Interactor */,
				5785FAEB2BD46368003C07C1 /* Presenter */,
				5785FAE82BD46234003C07C1 /* Model */,
				5785FAD12BCCA20C003C07C1 /* UI */,
			);
			path = Login;
			sourceTree = "<group>";
		};
		5785FAD12BCCA20C003C07C1 /* UI */ = {
			isa = PBXGroup;
			children = (
				5728BB8C2BCC76AA002BC212 /* LoginViewController.swift */,
				5785FAD22BCCA223003C07C1 /* LoginView.swift */,
			);
			path = UI;
			sourceTree = "<group>";
		};
		5785FAD42BCCA9FF003C07C1 /* Extensions */ = {
			isa = PBXGroup;
			children = (
				5785FAD52BCCAA17003C07C1 /* UIViewExtension.swift */,
				5785FAD72BCF3DD7003C07C1 /* UIImageExtension.swift */,
				5785FAD92BCF52F7003C07C1 /* UIFontExtension.swift */,
				5785FAE42BD42EA2003C07C1 /* UIColor.swift */,
			);
			path = Extensions;
			sourceTree = "<group>";
		};
		5785FADB2BD409D4003C07C1 /* Component */ = {
			isa = PBXGroup;
			children = (
				577269462C66EDF6002A4638 /* PaxtuNavigation */,
				577269332C618516002A4638 /* CardEvent */,
				5785FAE12BD42B15003C07C1 /* UIButton */,
				5785FADE2BD40B28003C07C1 /* UITextField */,
			);
			path = Component;
			sourceTree = "<group>";
		};
		5785FADE2BD40B28003C07C1 /* UITextField */ = {
			isa = PBXGroup;
			children = (
				5785FADC2BD409F0003C07C1 /* UIInputIInformationView.swift */,
				5785FADF2BD40B4C003C07C1 /* InputInformationModel.swift */,
			);
			path = UITextField;
			sourceTree = "<group>";
		};
		5785FAE12BD42B15003C07C1 /* UIButton */ = {
			isa = PBXGroup;
			children = (
				5785FAE62BD42F9A003C07C1 /* CustomButton.swift */,
			);
			path = UIButton;
			sourceTree = "<group>";
		};
		5785FAE82BD46234003C07C1 /* Model */ = {
			isa = PBXGroup;
			children = (
				5785FAE92BD4623C003C07C1 /* LoginModel.swift */,
			);
			path = Model;
			sourceTree = "<group>";
		};
		5785FAEB2BD46368003C07C1 /* Presenter */ = {
			isa = PBXGroup;
			children = (
				5785FAEC2BD46371003C07C1 /* LoginPresenter.swift */,
			);
			path = Presenter;
			sourceTree = "<group>";
		};
		5785FAEE2BD46AFD003C07C1 /* Interactor */ = {
			isa = PBXGroup;
			children = (
				5785FAF02BD46B2E003C07C1 /* LoginInteractor.swift */,
			);
			path = Interactor;
			sourceTree = "<group>";
		};
		5785FAEF2BD46B13003C07C1 /* Paxtu */ = {
			isa = PBXGroup;
			children = (
				577269512C67CB56002A4638 /* Events */,
				577269422C66EC64002A4638 /* NewActivity */,
				5785FAF52BD46F7F003C07C1 /* Home */,
				5785FAD02BCCA201003C07C1 /* Login */,
				5785FACF2BCCA1BF003C07C1 /* LaunchScreen */,
				5785FAF22BD46F5E003C07C1 /* Commons */,
			);
			path = Paxtu;
			sourceTree = "<group>";
		};
		5785FAF22BD46F5E003C07C1 /* Commons */ = {
			isa = PBXGroup;
			children = (
				5785FAF32BD46F68003C07C1 /* PaxtuCoordinator.swift */,
			);
			path = Commons;
			sourceTree = "<group>";
		};
		5785FAF52BD46F7F003C07C1 /* Home */ = {
			isa = PBXGroup;
			children = (
				577269402C66EBCF002A4638 /* Carousel */,
				5772693F2C66EBA2002A4638 /* HomeScreen */,
				5772693D2C66EB83002A4638 /* Segment */,
				5785FB072BDE9161003C07C1 /* Header */,
				5785FB0E2BDED545003C07C1 /* CardsOfTabs */,
			);
			path = Home;
			sourceTree = "<group>";
		};
		5785FAF62BD46FB7003C07C1 /* UI */ = {
			isa = PBXGroup;
			children = (
				574A75602BCC5B3A0042E310 /* LaunchScreenViewController.swift */,
				5785FAF72BD46FC8003C07C1 /* LauchScreenView.swift */,
			);
			path = UI;
			sourceTree = "<group>";
		};
		5785FB022BD4A91A003C07C1 /* UI */ = {
			isa = PBXGroup;
			children = (
				5785FB032BD4A921003C07C1 /* HomeViewController.swift */,
				5785FB052BD4AA94003C07C1 /* HomeView.swift */,
			);
			path = UI;
			sourceTree = "<group>";
		};
		5785FB072BDE9161003C07C1 /* Header */ = {
			isa = PBXGroup;
			children = (
				5785FB082BDE9170003C07C1 /* HeaderHomeView.swift */,
			);
			path = Header;
			sourceTree = "<group>";
		};
		5785FB0E2BDED545003C07C1 /* CardsOfTabs */ = {
			isa = PBXGroup;
			children = (
				5785FB122BDED974003C07C1 /* CardTapModel.swift */,
				5785FB102BDED564003C07C1 /* CardTabViewCell.swift */,
			);
			path = CardsOfTabs;
			sourceTree = "<group>";
		};
		81935EF5DC94D8E3C646AC66 /* Pods */ = {
			isa = PBXGroup;
			children = (
				B97931C39CE59FFAE41399D8 /* Pods-PaxtuAdm.debug.xcconfig */,
				B3BE58D04DC770A9157FA831 /* Pods-PaxtuAdm.release.xcconfig */,
			);
			path = Pods;
			sourceTree = "<group>";
		};
/* End PBXGroup section */

/* Begin PBXNativeTarget section */
		574A75582BCC5B3A0042E310 /* PaxtuAdm */ = {
			isa = PBXNativeTarget;
			buildConfigurationList = 574A75702BCC5B3B0042E310 /* Build configuration list for PBXNativeTarget "PaxtuAdm" */;
			buildPhases = (
				77E0B6BDD2F84F5C7B98396F /* [CP] Check Pods Manifest.lock */,
				574A75552BCC5B3A0042E310 /* Sources */,
				574A75562BCC5B3A0042E310 /* Frameworks */,
				574A75572BCC5B3A0042E310 /* Resources */,
				FD9CB6D5810CFE7BCA690638 /* [CP] Embed Pods Frameworks */,
			);
			buildRules = (
			);
			dependencies = (
			);
			name = PaxtuAdm;
			productName = PaxtuAdm;
			productReference = 574A75592BCC5B3A0042E310 /* PaxtuAdm.app */;
			productType = "com.apple.product-type.application";
		};
/* End PBXNativeTarget section */

/* Begin PBXProject section */
		574A75512BCC5B3A0042E310 /* Project object */ = {
			isa = PBXProject;
			attributes = {
				BuildIndependentTargetsInParallel = 1;
				LastSwiftUpdateCheck = 1530;
				LastUpgradeCheck = 1530;
				TargetAttributes = {
					574A75582BCC5B3A0042E310 = {
						CreatedOnToolsVersion = 15.3;
					};
				};
			};
			buildConfigurationList = 574A75542BCC5B3A0042E310 /* Build configuration list for PBXProject "PaxtuAdm" */;
			compatibilityVersion = "Xcode 14.0";
			developmentRegion = en;
			hasScannedForEncodings = 0;
			knownRegions = (
				en,
				Base,
			);
			mainGroup = 574A75502BCC5B3A0042E310;
			productRefGroup = 574A755A2BCC5B3A0042E310 /* Products */;
			projectDirPath = "";
			projectRoot = "";
			targets = (
				574A75582BCC5B3A0042E310 /* PaxtuAdm */,
			);
		};
/* End PBXProject section */

/* Begin PBXResourcesBuildPhase section */
		574A75572BCC5B3A0042E310 /* Resources */ = {
			isa = PBXResourcesBuildPhase;
			buildActionMask = 2147483647;
			files = (
				5728BB8B2BCC685F002BC212 /* launch_screen.json in Resources */,
				574A75692BCC5B3B0042E310 /* Assets.xcassets in Resources */,
			);
			runOnlyForDeploymentPostprocessing = 0;
		};
/* End PBXResourcesBuildPhase section */

/* Begin PBXShellScriptBuildPhase section */
		77E0B6BDD2F84F5C7B98396F /* [CP] Check Pods Manifest.lock */ = {
			isa = PBXShellScriptBuildPhase;
			buildActionMask = 2147483647;
			files = (
			);
			inputFileListPaths = (
			);
			inputPaths = (
				"${PODS_PODFILE_DIR_PATH}/Podfile.lock",
				"${PODS_ROOT}/Manifest.lock",
			);
			name = "[CP] Check Pods Manifest.lock";
			outputFileListPaths = (
			);
			outputPaths = (
				"$(DERIVED_FILE_DIR)/Pods-PaxtuAdm-checkManifestLockResult.txt",
			);
			runOnlyForDeploymentPostprocessing = 0;
			shellPath = /bin/sh;
			shellScript = "diff \"${PODS_PODFILE_DIR_PATH}/Podfile.lock\" \"${PODS_ROOT}/Manifest.lock\" > /dev/null\nif [ $? != 0 ] ; then\n    # print error to STDERR\n    echo \"error: The sandbox is not in sync with the Podfile.lock. Run 'pod install' or update your CocoaPods installation.\" >&2\n    exit 1\nfi\n# This output is used by Xcode 'outputs' to avoid re-running this script phase.\necho \"SUCCESS\" > \"${SCRIPT_OUTPUT_FILE_0}\"\n";
			showEnvVarsInLog = 0;
		};
		FD9CB6D5810CFE7BCA690638 /* [CP] Embed Pods Frameworks */ = {
			isa = PBXShellScriptBuildPhase;
			buildActionMask = 2147483647;
			files = (
			);
			inputFileListPaths = (
				"${PODS_ROOT}/Target Support Files/Pods-PaxtuAdm/Pods-PaxtuAdm-frameworks-${CONFIGURATION}-input-files.xcfilelist",
			);
			name = "[CP] Embed Pods Frameworks";
			outputFileListPaths = (
				"${PODS_ROOT}/Target Support Files/Pods-PaxtuAdm/Pods-PaxtuAdm-frameworks-${CONFIGURATION}-output-files.xcfilelist",
			);
			runOnlyForDeploymentPostprocessing = 0;
			shellPath = /bin/sh;
			shellScript = "\"${PODS_ROOT}/Target Support Files/Pods-PaxtuAdm/Pods-PaxtuAdm-frameworks.sh\"\n";
			showEnvVarsInLog = 0;
		};
/* End PBXShellScriptBuildPhase section */

/* Begin PBXSourcesBuildPhase section */
		574A75552BCC5B3A0042E310 /* Sources */ = {
			isa = PBXSourcesBuildPhase;
			buildActionMask = 2147483647;
			files = (
				5772694E2C67C19A002A4638 /* NewActivityPresenter.swift in Sources */,
				5785FAF12BD46B2E003C07C1 /* LoginInteractor.swift in Sources */,
				5785FAED2BD46371003C07C1 /* LoginPresenter.swift in Sources */,
				5785FAD32BCCA223003C07C1 /* LoginView.swift in Sources */,
				5785FADA2BCF52F7003C07C1 /* UIFontExtension.swift in Sources */,
				5785FB092BDE9170003C07C1 /* HeaderHomeView.swift in Sources */,
				5785FAE02BD40B4C003C07C1 /* InputInformationModel.swift in Sources */,
				577269482C66EE07002A4638 /* PaxtuNavigation.swift in Sources */,
				577269502C67C524002A4638 /* NewActivityInteractor.swift in Sources */,
				5785FB042BD4A922003C07C1 /* HomeViewController.swift in Sources */,
				5785FB132BDED974003C07C1 /* CardTapModel.swift in Sources */,
				577269322C615E3D002A4638 /* HomeInteractor.swift in Sources */,
				5785FADD2BD409F0003C07C1 /* UIInputIInformationView.swift in Sources */,
				5785FB112BDED564003C07C1 /* CardTabViewCell.swift in Sources */,
				5772692C2C614A1F002A4638 /* SegmentView.swift in Sources */,
				5785FAF82BD46FC8003C07C1 /* LauchScreenView.swift in Sources */,
				577269592C683C00002A4638 /* EventsPresenter.swift in Sources */,
				5772695C2C683E6C002A4638 /* EventsInteractor.swift in Sources */,
				5772694A2C67C03F002A4638 /* NewActivityViewController.swift in Sources */,
				577269382C66B53B002A4638 /* CarouselView.swift in Sources */,
				577269452C66EC78002A4638 /* NewActivityView.swift in Sources */,
				5785FAE72BD42F9A003C07C1 /* CustomButton.swift in Sources */,
				577269542C683318002A4638 /* EventsView.swift in Sources */,
				574A75612BCC5B3A0042E310 /* LaunchScreenViewController.swift in Sources */,
				574A75672BCC5B3A0042E310 /* PaxtuAdm.xcdatamodeld in Sources */,
				5772692F2C615C9D002A4638 /* HomePresenter.swift in Sources */,
				5785FAF42BD46F68003C07C1 /* PaxtuCoordinator.swift in Sources */,
				574A755D2BCC5B3A0042E310 /* AppDelegate.swift in Sources */,
				5785FAD62BCCAA17003C07C1 /* UIViewExtension.swift in Sources */,
				577269562C683B2E002A4638 /* EventsViewController.swift in Sources */,
				5728BB8D2BCC76AA002BC212 /* LoginViewController.swift in Sources */,
				5785FAEA2BD4623C003C07C1 /* LoginModel.swift in Sources */,
				5785FAE52BD42EA2003C07C1 /* UIColor.swift in Sources */,
				577269352C618526002A4638 /* CardEventView.swift in Sources */,
				5785FAD82BCF3DD7003C07C1 /* UIImageExtension.swift in Sources */,
				5785FB062BD4AA94003C07C1 /* HomeView.swift in Sources */,
			);
			runOnlyForDeploymentPostprocessing = 0;
		};
/* End PBXSourcesBuildPhase section */

/* Begin XCBuildConfiguration section */
		574A756E2BCC5B3B0042E310 /* Debug */ = {
			isa = XCBuildConfiguration;
			buildSettings = {
				ALWAYS_SEARCH_USER_PATHS = NO;
				ASSETCATALOG_COMPILER_GENERATE_SWIFT_ASSET_SYMBOL_EXTENSIONS = YES;
				CLANG_ANALYZER_NONNULL = YES;
				CLANG_ANALYZER_NUMBER_OBJECT_CONVERSION = YES_AGGRESSIVE;
				CLANG_CXX_LANGUAGE_STANDARD = "gnu++20";
				CLANG_ENABLE_MODULES = YES;
				CLANG_ENABLE_OBJC_ARC = YES;
				CLANG_ENABLE_OBJC_WEAK = YES;
				CLANG_WARN_BLOCK_CAPTURE_AUTORELEASING = YES;
				CLANG_WARN_BOOL_CONVERSION = YES;
				CLANG_WARN_COMMA = YES;
				CLANG_WARN_CONSTANT_CONVERSION = YES;
				CLANG_WARN_DEPRECATED_OBJC_IMPLEMENTATIONS = YES;
				CLANG_WARN_DIRECT_OBJC_ISA_USAGE = YES_ERROR;
				CLANG_WARN_DOCUMENTATION_COMMENTS = YES;
				CLANG_WARN_EMPTY_BODY = YES;
				CLANG_WARN_ENUM_CONVERSION = YES;
				CLANG_WARN_INFINITE_RECURSION = YES;
				CLANG_WARN_INT_CONVERSION = YES;
				CLANG_WARN_NON_LITERAL_NULL_CONVERSION = YES;
				CLANG_WARN_OBJC_IMPLICIT_RETAIN_SELF = YES;
				CLANG_WARN_OBJC_LITERAL_CONVERSION = YES;
				CLANG_WARN_OBJC_ROOT_CLASS = YES_ERROR;
				CLANG_WARN_QUOTED_INCLUDE_IN_FRAMEWORK_HEADER = YES;
				CLANG_WARN_RANGE_LOOP_ANALYSIS = YES;
				CLANG_WARN_STRICT_PROTOTYPES = YES;
				CLANG_WARN_SUSPICIOUS_MOVE = YES;
				CLANG_WARN_UNGUARDED_AVAILABILITY = YES_AGGRESSIVE;
				CLANG_WARN_UNREACHABLE_CODE = YES;
				CLANG_WARN__DUPLICATE_METHOD_MATCH = YES;
				COPY_PHASE_STRIP = NO;
				DEBUG_INFORMATION_FORMAT = dwarf;
				ENABLE_STRICT_OBJC_MSGSEND = YES;
				ENABLE_TESTABILITY = YES;
				ENABLE_USER_SCRIPT_SANDBOXING = NO;
				GCC_C_LANGUAGE_STANDARD = gnu17;
				GCC_DYNAMIC_NO_PIC = NO;
				GCC_NO_COMMON_BLOCKS = YES;
				GCC_OPTIMIZATION_LEVEL = 0;
				GCC_PREPROCESSOR_DEFINITIONS = (
					"DEBUG=1",
					"$(inherited)",
				);
				GCC_WARN_64_TO_32_BIT_CONVERSION = YES;
				GCC_WARN_ABOUT_RETURN_TYPE = YES_ERROR;
				GCC_WARN_UNDECLARED_SELECTOR = YES;
				GCC_WARN_UNINITIALIZED_AUTOS = YES_AGGRESSIVE;
				GCC_WARN_UNUSED_FUNCTION = YES;
				GCC_WARN_UNUSED_VARIABLE = YES;
				IPHONEOS_DEPLOYMENT_TARGET = 17.4;
				LOCALIZATION_PREFERS_STRING_CATALOGS = YES;
				MTL_ENABLE_DEBUG_INFO = INCLUDE_SOURCE;
				MTL_FAST_MATH = YES;
				ONLY_ACTIVE_ARCH = YES;
				SDKROOT = iphoneos;
				SWIFT_ACTIVE_COMPILATION_CONDITIONS = "DEBUG $(inherited)";
				SWIFT_OPTIMIZATION_LEVEL = "-Onone";
			};
			name = Debug;
		};
		574A756F2BCC5B3B0042E310 /* Release */ = {
			isa = XCBuildConfiguration;
			buildSettings = {
				ALWAYS_SEARCH_USER_PATHS = NO;
				ASSETCATALOG_COMPILER_GENERATE_SWIFT_ASSET_SYMBOL_EXTENSIONS = YES;
				CLANG_ANALYZER_NONNULL = YES;
				CLANG_ANALYZER_NUMBER_OBJECT_CONVERSION = YES_AGGRESSIVE;
				CLANG_CXX_LANGUAGE_STANDARD = "gnu++20";
				CLANG_ENABLE_MODULES = YES;
				CLANG_ENABLE_OBJC_ARC = YES;
				CLANG_ENABLE_OBJC_WEAK = YES;
				CLANG_WARN_BLOCK_CAPTURE_AUTORELEASING = YES;
				CLANG_WARN_BOOL_CONVERSION = YES;
				CLANG_WARN_COMMA = YES;
				CLANG_WARN_CONSTANT_CONVERSION = YES;
				CLANG_WARN_DEPRECATED_OBJC_IMPLEMENTATIONS = YES;
				CLANG_WARN_DIRECT_OBJC_ISA_USAGE = YES_ERROR;
				CLANG_WARN_DOCUMENTATION_COMMENTS = YES;
				CLANG_WARN_EMPTY_BODY = YES;
				CLANG_WARN_ENUM_CONVERSION = YES;
				CLANG_WARN_INFINITE_RECURSION = YES;
				CLANG_WARN_INT_CONVERSION = YES;
				CLANG_WARN_NON_LITERAL_NULL_CONVERSION = YES;
				CLANG_WARN_OBJC_IMPLICIT_RETAIN_SELF = YES;
				CLANG_WARN_OBJC_LITERAL_CONVERSION = YES;
				CLANG_WARN_OBJC_ROOT_CLASS = YES_ERROR;
				CLANG_WARN_QUOTED_INCLUDE_IN_FRAMEWORK_HEADER = YES;
				CLANG_WARN_RANGE_LOOP_ANALYSIS = YES;
				CLANG_WARN_STRICT_PROTOTYPES = YES;
				CLANG_WARN_SUSPICIOUS_MOVE = YES;
				CLANG_WARN_UNGUARDED_AVAILABILITY = YES_AGGRESSIVE;
				CLANG_WARN_UNREACHABLE_CODE = YES;
				CLANG_WARN__DUPLICATE_METHOD_MATCH = YES;
				COPY_PHASE_STRIP = NO;
				DEBUG_INFORMATION_FORMAT = "dwarf-with-dsym";
				ENABLE_NS_ASSERTIONS = NO;
				ENABLE_STRICT_OBJC_MSGSEND = YES;
				ENABLE_USER_SCRIPT_SANDBOXING = NO;
				GCC_C_LANGUAGE_STANDARD = gnu17;
				GCC_NO_COMMON_BLOCKS = YES;
				GCC_WARN_64_TO_32_BIT_CONVERSION = YES;
				GCC_WARN_ABOUT_RETURN_TYPE = YES_ERROR;
				GCC_WARN_UNDECLARED_SELECTOR = YES;
				GCC_WARN_UNINITIALIZED_AUTOS = YES_AGGRESSIVE;
				GCC_WARN_UNUSED_FUNCTION = YES;
				GCC_WARN_UNUSED_VARIABLE = YES;
				IPHONEOS_DEPLOYMENT_TARGET = 17.4;
				LOCALIZATION_PREFERS_STRING_CATALOGS = YES;
				MTL_ENABLE_DEBUG_INFO = NO;
				MTL_FAST_MATH = YES;
				SDKROOT = iphoneos;
				SWIFT_COMPILATION_MODE = wholemodule;
				VALIDATE_PRODUCT = YES;
			};
			name = Release;
		};
		574A75712BCC5B3B0042E310 /* Debug */ = {
			isa = XCBuildConfiguration;
			baseConfigurationReference = B97931C39CE59FFAE41399D8 /* Pods-PaxtuAdm.debug.xcconfig */;
			buildSettings = {
				ASSETCATALOG_COMPILER_APPICON_NAME = AppIcon;
				ASSETCATALOG_COMPILER_GLOBAL_ACCENT_COLOR_NAME = AccentColor;
				CODE_SIGN_STYLE = Automatic;
				CURRENT_PROJECT_VERSION = 1;
				DEVELOPMENT_TEAM = 7D8B57U5CD;
				GENERATE_INFOPLIST_FILE = YES;
				INFOPLIST_FILE = PaxtuAdm/Info.plist;
				INFOPLIST_KEY_UIApplicationSupportsIndirectInputEvents = YES;
				INFOPLIST_KEY_UILaunchStoryboardName = LaunchScreen;
				INFOPLIST_KEY_UISupportedInterfaceOrientations_iPad = "UIInterfaceOrientationPortrait UIInterfaceOrientationPortraitUpsideDown UIInterfaceOrientationLandscapeLeft UIInterfaceOrientationLandscapeRight";
				INFOPLIST_KEY_UISupportedInterfaceOrientations_iPhone = "UIInterfaceOrientationPortrait UIInterfaceOrientationLandscapeLeft UIInterfaceOrientationLandscapeRight";
				IPHONEOS_DEPLOYMENT_TARGET = 13.0;
				LD_RUNPATH_SEARCH_PATHS = (
					"$(inherited)",
					"@executable_path/Frameworks",
				);
				MARKETING_VERSION = 1.0;
				PRODUCT_BUNDLE_IDENTIFIER = escoteiro.PaxtuAdm;
				PRODUCT_NAME = "$(TARGET_NAME)";
				SWIFT_EMIT_LOC_STRINGS = YES;
				SWIFT_VERSION = 5.0;
				TARGETED_DEVICE_FAMILY = "1,2";
			};
			name = Debug;
		};
		574A75722BCC5B3B0042E310 /* Release */ = {
			isa = XCBuildConfiguration;
			baseConfigurationReference = B3BE58D04DC770A9157FA831 /* Pods-PaxtuAdm.release.xcconfig */;
			buildSettings = {
				ASSETCATALOG_COMPILER_APPICON_NAME = AppIcon;
				ASSETCATALOG_COMPILER_GLOBAL_ACCENT_COLOR_NAME = AccentColor;
				CODE_SIGN_STYLE = Automatic;
				CURRENT_PROJECT_VERSION = 1;
				DEVELOPMENT_TEAM = 7D8B57U5CD;
				GENERATE_INFOPLIST_FILE = YES;
				INFOPLIST_FILE = PaxtuAdm/Info.plist;
				INFOPLIST_KEY_UIApplicationSupportsIndirectInputEvents = YES;
				INFOPLIST_KEY_UILaunchStoryboardName = LaunchScreen;
				INFOPLIST_KEY_UISupportedInterfaceOrientations_iPad = "UIInterfaceOrientationPortrait UIInterfaceOrientationPortraitUpsideDown UIInterfaceOrientationLandscapeLeft UIInterfaceOrientationLandscapeRight";
				INFOPLIST_KEY_UISupportedInterfaceOrientations_iPhone = "UIInterfaceOrientationPortrait UIInterfaceOrientationLandscapeLeft UIInterfaceOrientationLandscapeRight";
				IPHONEOS_DEPLOYMENT_TARGET = 13.0;
				LD_RUNPATH_SEARCH_PATHS = (
					"$(inherited)",
					"@executable_path/Frameworks",
				);
				MARKETING_VERSION = 1.0;
				PRODUCT_BUNDLE_IDENTIFIER = escoteiro.PaxtuAdm;
				PRODUCT_NAME = "$(TARGET_NAME)";
				SWIFT_EMIT_LOC_STRINGS = YES;
				SWIFT_VERSION = 5.0;
				TARGETED_DEVICE_FAMILY = "1,2";
			};
			name = Release;
		};
/* End XCBuildConfiguration section */

/* Begin XCConfigurationList section */
		574A75542BCC5B3A0042E310 /* Build configuration list for PBXProject "PaxtuAdm" */ = {
			isa = XCConfigurationList;
			buildConfigurations = (
				574A756E2BCC5B3B0042E310 /* Debug */,
				574A756F2BCC5B3B0042E310 /* Release */,
			);
			defaultConfigurationIsVisible = 0;
			defaultConfigurationName = Release;
		};
		574A75702BCC5B3B0042E310 /* Build configuration list for PBXNativeTarget "PaxtuAdm" */ = {
			isa = XCConfigurationList;
			buildConfigurations = (
				574A75712BCC5B3B0042E310 /* Debug */,
				574A75722BCC5B3B0042E310 /* Release */,
			);
			defaultConfigurationIsVisible = 0;
			defaultConfigurationName = Release;
		};
/* End XCConfigurationList section */

/* Begin XCVersionGroup section */
		574A75652BCC5B3A0042E310 /* PaxtuAdm.xcdatamodeld */ = {
			isa = XCVersionGroup;
			children = (
				574A75662BCC5B3A0042E310 /* PaxtuAdm.xcdatamodel */,
			);
			currentVersion = 574A75662BCC5B3A0042E310 /* PaxtuAdm.xcdatamodel */;
			path = PaxtuAdm.xcdatamodeld;
			sourceTree = "<group>";
			versionGroupType = wrapper.xcdatamodel;
		};
/* End XCVersionGroup section */
	};
	rootObject = 574A75512BCC5B3A0042E310 /* Project object */;
}
